{
  "name": "rtsgame",
  "version": "1.0.0",
  "lockfileVersion": 3,
  "requires": true,
  "packages": {
    "": {
      "name": "rtsgame",
      "version": "1.0.0",
      "license": "ISC",
      "dependencies": {
        "@quenty/binder": "^14.8.0",
        "@quenty/fakeskybox": "^11.6.0",
        "@quenty/loader": "^10.5.0",
        "@quenty/maid": "^3.3.0",
        "@quenty/servicebag": "^11.7.0"
      }
    },
    "node_modules/@quenty/acceltween": {
      "version": "2.5.0",
      "resolved": "https://registry.npmjs.org/@quenty/acceltween/-/acceltween-2.5.0.tgz",
      "integrity": "sha512-pf4K3AEliThMgA3V8Hblxawk6eaJ7dosObSM+UvZgPv2j30FSVlsogDCxwC77A/YHItiFxkqmPSFAQJjFy08qA==",
      "funding": {
        "type": "patreon",
        "url": "https://www.patreon.com/quenty"
      }
    },
    "node_modules/@quenty/baseobject": {
      "version": "10.5.0",
      "resolved": "https://registry.npmjs.org/@quenty/baseobject/-/baseobject-10.5.0.tgz",
      "integrity": "sha512-Z2jGfM0D0KrlX6m0GyAgG8z9w6ZjFSwE/kid7cQt2wNzVxKdWtr9nhPDHockgpjA00/Z6RAA7zvrpCYEe9LjiA==",
      "dependencies": {
        "@quenty/loader": "^10.5.0",
        "@quenty/maid": "^3.3.0"
      },
      "funding": {
        "type": "patreon",
        "url": "https://www.patreon.com/quenty"
      }
    },
    "node_modules/@quenty/binder": {
      "version": "14.8.0",
      "resolved": "https://registry.npmjs.org/@quenty/binder/-/binder-14.8.0.tgz",
      "integrity": "sha512-YBr4hKqVZjBnZRcVbPWeKnBDex/hH6Qqn4LFwxkYaX4UKdHeTKg9o+SYFf1UTWcamqhoPFixmJKBv7Uu1gWx6g==",
      "dependencies": {
        "@quenty/baseobject": "^10.5.0",
        "@quenty/brio": "^14.7.0",
        "@quenty/instanceutils": "^13.7.0",
        "@quenty/linkutils": "^13.7.0",
        "@quenty/loader": "^10.5.0",
        "@quenty/maid": "^3.3.0",
        "@quenty/promise": "^10.5.0",
        "@quenty/rx": "^13.7.0",
        "@quenty/signal": "^7.6.0",
        "@quenty/valueobject": "^13.7.0"
      },
      "funding": {
        "type": "patreon",
        "url": "https://www.patreon.com/quenty"
      }
    },
    "node_modules/@quenty/brio": {
      "version": "14.7.0",
      "resolved": "https://registry.npmjs.org/@quenty/brio/-/brio-14.7.0.tgz",
      "integrity": "sha512-Iw6HPZLrxJMma/oJLBbQ9rJ1cFhbcYhFlWW7DsLgzsnDK8EM9bxePJ0weX0TukyjpmsxStInV1EuUZmK0hYaFA==",
      "dependencies": {
        "@quenty/loader": "^10.5.0",
        "@quenty/maid": "^3.3.0",
        "@quenty/rx": "^13.7.0",
        "@quenty/signal": "^7.6.0",
        "@quenty/steputils": "^3.5.0"
      },
      "funding": {
        "type": "patreon",
        "url": "https://www.patreon.com/quenty"
      }
    },
    "node_modules/@quenty/cancellabledelay": {
      "version": "3.5.0",
      "resolved": "https://registry.npmjs.org/@quenty/cancellabledelay/-/cancellabledelay-3.5.0.tgz",
      "integrity": "sha512-26PI4w2sAv2kBkMQOBbWvoBdkuDRnZjV39tVm6RD53zzhEdK08WMYwv5VIpBqdAH/Mv8pLkmDusueu+LM7MqLA==",
      "funding": {
        "type": "patreon",
        "url": "https://www.patreon.com/quenty"
      }
    },
    "node_modules/@quenty/canceltoken": {
      "version": "11.6.0",
      "resolved": "https://registry.npmjs.org/@quenty/canceltoken/-/canceltoken-11.6.0.tgz",
      "integrity": "sha512-Mf/uj4d8QS4IRsrCz99KJT6HzvJ34TajHvIihUOnWgZdtGILMMpBLujRwfNsJqgg7Y9Qo4CqP86VXSktS29dQw==",
      "dependencies": {
        "@quenty/ducktype": "^5.5.0",
        "@quenty/loader": "^10.5.0",
        "@quenty/maid": "^3.3.0",
        "@quenty/promise": "^10.5.0",
        "@quenty/signal": "^7.6.0"
      },
      "funding": {
        "type": "patreon",
        "url": "https://www.patreon.com/quenty"
      }
    },
    "node_modules/@quenty/deferred": {
      "version": "2.2.0",
      "resolved": "https://registry.npmjs.org/@quenty/deferred/-/deferred-2.2.0.tgz",
      "integrity": "sha512-obZgxC0o+cuMGPj19UUjcKnrll+XYffpPPe5LwHGjsYos1LVD0WD1+NXmc2qh5/VDAZ3GZBH8ghBpdPcsz58uA==",
      "funding": {
        "type": "patreon",
        "url": "https://www.patreon.com/quenty"
      }
    },
    "node_modules/@quenty/ducktype": {
      "version": "5.5.0",
      "resolved": "https://registry.npmjs.org/@quenty/ducktype/-/ducktype-5.5.0.tgz",
      "integrity": "sha512-kDuugd2I8/9u4/hqT0nuy5tkhQ6ijjukKTrNpfyu9S3tubH3R5n6Ky7HJPrqwFbwPhtO3RcjLTsIPPNGCTYymw==",
      "dependencies": {
        "@quenty/loader": "^10.5.0"
      },
      "funding": {
        "type": "patreon",
        "url": "https://www.patreon.com/quenty"
      }
    },
    "node_modules/@quenty/fakeskybox": {
      "version": "11.6.0",
      "resolved": "https://registry.npmjs.org/@quenty/fakeskybox/-/fakeskybox-11.6.0.tgz",
      "integrity": "sha512-VukAHj11OTCmmVz12XD71w2wOlqeI9qRlBlPBKhNZgbv/5Ni90ECfnxeLXiwZAifyAmCcg3xGd4euf7LfxRE6g==",
      "dependencies": {
        "@quenty/acceltween": "^2.5.0",
        "@quenty/loader": "^10.5.0",
        "@quenty/maid": "^3.3.0",
        "@quenty/signal": "^7.6.0"
      },
      "funding": {
        "type": "patreon",
        "url": "https://www.patreon.com/quenty"
      }
    },
    "node_modules/@quenty/instanceutils": {
      "version": "13.7.0",
      "resolved": "https://registry.npmjs.org/@quenty/instanceutils/-/instanceutils-13.7.0.tgz",
      "integrity": "sha512-CguRoP0Qp7DZa+k3gYS9rkKiNrPjttV7YAlxGt63YaHhOtJ6PV88TjLQQwFx97v9b4KrgfpqA+6H8ynXs3i2Lw==",
      "dependencies": {
        "@quenty/brio": "^14.7.0",
        "@quenty/loader": "^10.5.0",
        "@quenty/maid": "^3.3.0",
        "@quenty/rx": "^13.7.0",
        "@quenty/symbol": "^3.1.0"
      },
      "funding": {
        "type": "patreon",
        "url": "https://www.patreon.com/quenty"
      }
    },
    "node_modules/@quenty/linkutils": {
      "version": "13.7.0",
      "resolved": "https://registry.npmjs.org/@quenty/linkutils/-/linkutils-13.7.0.tgz",
      "integrity": "sha512-CkCRJ8F2w8SqJ3EG52Lp/cUbkZQjULHrj4yRiHxu5C2gf+8g1qqDn5PNkSyJo6H4+eoI6FG9WStN56uDUMYb9g==",
      "dependencies": {
        "@quenty/brio": "^14.7.0",
        "@quenty/instanceutils": "^13.7.0",
        "@quenty/loader": "^10.5.0",
        "@quenty/maid": "^3.3.0",
        "@quenty/promise": "^10.5.0",
        "@quenty/rx": "^13.7.0"
      },
      "funding": {
        "type": "patreon",
        "url": "https://www.patreon.com/quenty"
      }
    },
    "node_modules/@quenty/loader": {
      "version": "10.5.0",
      "resolved": "https://registry.npmjs.org/@quenty/loader/-/loader-10.5.0.tgz",
      "integrity": "sha512-FyXNZjfHoXAIrAv4uyYHNgltzFULakIuz1oqcp91Q29ZYuEWucSD8o1KEVXB+ZtJiDw2wZx8OHqxWxUgjm327Q==",
      "funding": {
        "type": "patreon",
        "url": "https://www.patreon.com/quenty"
      }
    },
    "node_modules/@quenty/maid": {
      "version": "3.3.0",
      "resolved": "https://registry.npmjs.org/@quenty/maid/-/maid-3.3.0.tgz",
      "integrity": "sha512-fz9vF00S78V7sY8fN7081WgO+hPDE5nksXI8lY/vkoJqy49H1zxP16EtYVy792mONtAotRxldE35gcoxhJ+6aQ==",
      "funding": {
        "type": "patreon",
        "url": "https://www.patreon.com/quenty"
      }
    },
    "node_modules/@quenty/promise": {
      "version": "10.5.0",
      "resolved": "https://registry.npmjs.org/@quenty/promise/-/promise-10.5.0.tgz",
      "integrity": "sha512-X9t0K17zKgGKyh1552VMUJh4FOpVWdh6Kp8z9WHqxjJyQ/98s0G0gXTVQJ4C7XDphNOxkL2+nXcQhNgcAhOFkQ==",
      "dependencies": {
        "@quenty/deferred": "^2.2.0",
        "@quenty/loader": "^10.5.0",
        "@quenty/maid": "^3.3.0"
      },
      "funding": {
        "type": "patreon",
        "url": "https://www.patreon.com/quenty"
      }
    },
    "node_modules/@quenty/rx": {
      "version": "13.7.0",
      "resolved": "https://registry.npmjs.org/@quenty/rx/-/rx-13.7.0.tgz",
      "integrity": "sha512-ITQludIZsE7ZZYnvOoL5x3+BxURa7bPlCmYHLICKIdqBZed4DmR3VlJA8ehE0nZ+eYxEFL4tsMaamWBTaVWWCg==",
      "dependencies": {
        "@quenty/cancellabledelay": "^3.5.0",
        "@quenty/canceltoken": "^11.6.0",
        "@quenty/ducktype": "^5.5.0",
        "@quenty/loader": "^10.5.0",
        "@quenty/maid": "^3.3.0",
        "@quenty/promise": "^10.5.0",
        "@quenty/signal": "^7.6.0",
        "@quenty/symbol": "^3.1.0",
        "@quenty/table": "^3.5.0",
        "@quenty/throttle": "^10.6.0"
      },
      "funding": {
        "type": "patreon",
        "url": "https://www.patreon.com/quenty"
      }
    },
    "node_modules/@quenty/rxsignal": {
      "version": "7.7.0",
      "resolved": "https://registry.npmjs.org/@quenty/rxsignal/-/rxsignal-7.7.0.tgz",
      "integrity": "sha512-C4IiNP/xLcJFltEaIf4cJzDU2sZPMrmWEj57cBOWeLIzmeyM/0qbWcRieFCIOnZELP8S2+7O1XJDXZ95wjXLIQ==",
      "dependencies": {
        "@quenty/loader": "^10.5.0",
        "@quenty/rx": "^13.7.0"
      },
      "funding": {
        "type": "patreon",
        "url": "https://www.patreon.com/quenty"
      }
    },
    "node_modules/@quenty/servicebag": {
      "version": "11.7.0",
      "resolved": "https://registry.npmjs.org/@quenty/servicebag/-/servicebag-11.7.0.tgz",
      "integrity": "sha512-yfijgBVwyeQlj1ev+PsipsYivEn9opCf0MfgkQ5iSlnxQuBDZWLb+OkXbijFFKZzzHJW/ngzxPYUk04k/d8a4A==",
      "dependencies": {
        "@quenty/baseobject": "^10.5.0",
        "@quenty/loader": "^10.5.0",
        "@quenty/signal": "^7.6.0"
      },
      "funding": {
        "type": "patreon",
        "url": "https://www.patreon.com/quenty"
      }
    },
    "node_modules/@quenty/signal": {
      "version": "7.6.0",
      "resolved": "https://registry.npmjs.org/@quenty/signal/-/signal-7.6.0.tgz",
      "integrity": "sha512-DRVUOiIs2xwBzVD4uomcRu1cqGxwrO7xeCojtS2ln9CZVY5TowafdvM2y/7pqZsiJ9qma8T6I6ggxuFDRpNAkg==",
      "dependencies": {
        "@quenty/loader": "^10.5.0"
      },
      "funding": {
        "type": "patreon",
        "url": "https://www.patreon.com/quenty"
      }
    },
    "node_modules/@quenty/steputils": {
      "version": "3.5.0",
      "resolved": "https://registry.npmjs.org/@quenty/steputils/-/steputils-3.5.0.tgz",
      "integrity": "sha512-BW4M9odVWWBgQQz/vouKAy/aEIc6qqOdAxR49TPBGXC5XlpVTX+IXStBvFu39eqZC77xdO2WiyJEnAPY/MqTyA==",
      "funding": {
        "type": "patreon",
        "url": "https://www.patreon.com/quenty"
      }
    },
    "node_modules/@quenty/symbol": {
      "version": "3.1.0",
      "resolved": "https://registry.npmjs.org/@quenty/symbol/-/symbol-3.1.0.tgz",
      "integrity": "sha512-yxC7C/2bc/uYEhtwblQEzAJFEB+PMLD8SOSdcyirfCTJMnlaiV3dvwjDEqXK5KmISJN6tk+LwQcQyByffi9e5Q==",
      "funding": {
        "type": "patreon",
        "url": "https://www.patreon.com/quenty"
      }
    },
    "node_modules/@quenty/table": {
      "version": "3.5.0",
      "resolved": "https://registry.npmjs.org/@quenty/table/-/table-3.5.0.tgz",
      "integrity": "sha512-x1zQb7VGZrvt9AwcsYJeIpkgq3Op7Xjju4qpSK78sqnx0V5UW6kurV2lOG72Xfb82UqMV8zzSmUK6rRIQF0iZQ==",
      "funding": {
        "type": "patreon",
        "url": "https://www.patreon.com/quenty"
      }
    },
    "node_modules/@quenty/throttle": {
      "version": "10.6.0",
      "resolved": "https://registry.npmjs.org/@quenty/throttle/-/throttle-10.6.0.tgz",
      "integrity": "sha512-uZQxMAHZ8dZup1E8+pSNCjvC4+91SY128rzAa/DKJyRF2SQJt4cfiLpjkg0pivHg3IMWAzlmmsjOqGPO6hWduA==",
      "dependencies": {
        "@quenty/loader": "^10.5.0"
      },
      "funding": {
        "type": "patreon",
        "url": "https://www.patreon.com/quenty"
      }
    },
    "node_modules/@quenty/valuebaseutils": {
      "version": "13.7.0",
      "resolved": "https://registry.npmjs.org/@quenty/valuebaseutils/-/valuebaseutils-13.7.0.tgz",
      "integrity": "sha512-ZHBHu6P7Hs+Td+BNb2uHaHVgzgE3j3oNexG0nzKXbdCM5xbf3rKOziZD5Qlp3Otf+PfOdrP1BDjWFBmAsD82kg==",
      "dependencies": {
        "@quenty/brio": "^14.7.0",
        "@quenty/instanceutils": "^13.7.0",
        "@quenty/loader": "^10.5.0",
        "@quenty/promise": "^10.5.0",
        "@quenty/rx": "^13.7.0",
        "@quenty/rxsignal": "^7.7.0"
      },
      "funding": {
        "type": "patreon",
        "url": "https://www.patreon.com/quenty"
      }
    },
    "node_modules/@quenty/valueobject": {
      "version": "13.7.0",
      "resolved": "https://registry.npmjs.org/@quenty/valueobject/-/valueobject-13.7.0.tgz",
      "integrity": "sha512-zXSuxycYijpWeBPzwBHb0cLJ6Hk4RbLY/IITgdibcA1w4ZQhrQifsFr0Dr/OQs/knNJExM1+8SHAWrYpG3GkKw==",
      "dependencies": {
        "@quenty/brio": "^14.7.0",
        "@quenty/ducktype": "^5.5.0",
        "@quenty/loader": "^10.5.0",
        "@quenty/maid": "^3.3.0",
        "@quenty/rx": "^13.7.0",
        "@quenty/signal": "^7.6.0",
        "@quenty/valuebaseutils": "^13.7.0"
      },
      "funding": {
        "type": "patreon",
        "url": "https://www.patreon.com/quenty"
      }
    }
  }
}
