{
  "name": "RTSGame",
  "lockfileVersion": 3,
  "requires": true,
  "packages": {
    "": {
      "dependencies": {
        "@quenty/elo": "^7.16.0",
        "@quenty/maid": "^3.4.0"
      }
    },
    "node_modules/@quenty/elo": {
      "version": "7.16.0",
      "resolved": "https://registry.npmjs.org/@quenty/elo/-/elo-7.16.0.tgz",
      "integrity": "sha512-Zz+RVmj6cdc8YJpJixpVYhy6kAjI5kTazOtjHE3C1YCMfzlNK+7+4N0ftQgPsnZ9/vgmE4wLE4WKVbplAqqyxw==",
      "dependencies": {
        "@quenty/probability": "^2.3.0"
      },
      "funding": {
        "type": "patreon",
        "url": "https://www.patreon.com/quenty"
      }
    },
    "node_modules/@quenty/maid": {
      "version": "3.4.0",
      "resolved": "https://registry.npmjs.org/@quenty/maid/-/maid-3.4.0.tgz",
      "integrity": "sha512-iieWFpdakt0HG/mdcpbXu5rgbejPWkEgxFnW+XUKobv5Rhb6oApLYIMhyuU2fUL5I5zGseKVRE2CBTabcXRkXg==",
      "funding": {
        "type": "patreon",
        "url": "https://www.patreon.com/quenty"
      }
    },
    "node_modules/@quenty/probability": {
      "version": "2.3.0",
      "resolved": "https://registry.npmjs.org/@quenty/probability/-/probability-2.3.0.tgz",
      "integrity": "sha512-wkxSeTylIqEQ9snkzeYbcE0lNQsvl3u3eh2VyHhMe0F1tysEelvyIhWakfuI4YHgD0nsQgSLctHR2FTPaJG4rw==",
      "funding": {
        "type": "patreon",
        "url": "https://www.patreon.com/quenty"
      }
    }
  }
}
